
Microsoft Visual Studio Solution File, Format Version 12.00
# Visual Studio Version 17
VisualStudioVersion = 17.0.31903.59
MinimumVisualStudioVersion = 10.0.40219.1
Project("{2150E333-8FDC-42A3-9474-1A3956D46DE8}") = "src", "src", "{827E0CD3-B72D-47B6-A68D-7590B98EB39B}"
EndProject
Project("{FAE04EC0-301F-11D3-BF4B-00C04F79EFBC}") = "CinemaTicket.Domain", "src\CinemaTicket.Domain\CinemaTicket.Domain.csproj", "{F2C0449F-5BB6-4617-BF3D-1BC011C14F69}"
EndProject
Project("{FAE04EC0-301F-11D3-BF4B-00C04F79EFBC}") = "CinemaTicket.Application", "src\CinemaTicket.Application\CinemaTicket.Application.csproj", "{D6FC7AB3-B0A6-4C42-B251-48C8C35B040A}"
EndProject
Project("{FAE04EC0-301F-11D3-BF4B-00C04F79EFBC}") = "CinemaTicket.Infrastructure", "src\CinemaTicket.Infrastructure\CinemaTicket.Infrastructure.csproj", "{A0A528C4-FCC1-464B-8597-954B4BB1972D}"
EndProject
Project("{FAE04EC0-301F-11D3-BF4B-00C04F79EFBC}") = "CinemaTicket.Persistence", "src\CinemaTicket.Persistence\CinemaTicket.Persistence.csproj", "{F0407368-CFAA-497F-B710-33A579995602}"
EndProject
Project("{FAE04EC0-301F-11D3-BF4B-00C04F79EFBC}") = "CinemaTicket.API", "src\CinemaTicket.API\CinemaTicket.API.csproj", "{313F2BFD-3633-488E-9D59-45EFD043D626}"
EndProject
Project("{2150E333-8FDC-42A3-9474-1A3956D46DE8}") = "tests", "tests", "{0AB3BF05-4346-4AA6-1389-037BE0695223}"
EndProject
Project("{FAE04EC0-301F-11D3-BF4B-00C04F79EFBC}") = "CinemaTicket.Domain.Tests", "tests\CinemaTicket.Domain.Tests\CinemaTicket.Domain.Tests.csproj", "{E7294267-9BC9-47A1-ACE8-7FE3BE9E96A6}"
EndProject
Project("{FAE04EC0-301F-11D3-BF4B-00C04F79EFBC}") = "CinemaTicket.Application.Tests", "tests\CinemaTicket.Application.Tests\CinemaTicket.Application.Tests.csproj", "{D84BDE7D-81FD-4D85-BE1E-231AD715B1E6}"
EndProject
Project("{FAE04EC0-301F-11D3-BF4B-00C04F79EFBC}") = "CinemaTicket.API.Tests", "tests\CinemaTicket.API.Tests\CinemaTicket.API.Tests.csproj", "{62DC4B07-77DE-4B17-87D4-29B7AA9710E2}"
EndProject
Global
	GlobalSection(SolutionConfigurationPlatforms) = preSolution
		Debug|Any CPU = Debug|Any CPU
		Debug|x64 = Debug|x64
		Debug|x86 = Debug|x86
		Release|Any CPU = Release|Any CPU
		Release|x64 = Release|x64
		Release|x86 = Release|x86
	EndGlobalSection
	GlobalSection(ProjectConfigurationPlatforms) = postSolution
		{F2C0449F-5BB6-4617-BF3D-1BC011C14F69}.Debug|Any CPU.ActiveCfg = Debug|Any CPU
		{F2C0449F-5BB6-4617-BF3D-1BC011C14F69}.Debug|Any CPU.Build.0 = Debug|Any CPU
		{F2C0449F-5BB6-4617-BF3D-1BC011C14F69}.Debug|x64.ActiveCfg = Debug|Any CPU
		{F2C0449F-5BB6-4617-BF3D-1BC011C14F69}.Debug|x64.Build.0 = Debug|Any CPU
		{F2C0449F-5BB6-4617-BF3D-1BC011C14F69}.Debug|x86.ActiveCfg = Debug|Any CPU
		{F2C0449F-5BB6-4617-BF3D-1BC011C14F69}.Debug|x86.Build.0 = Debug|Any CPU
		{F2C0449F-5BB6-4617-BF3D-1BC011C14F69}.Release|Any CPU.ActiveCfg = Release|Any CPU
		{F2C0449F-5BB6-4617-BF3D-1BC011C14F69}.Release|Any CPU.Build.0 = Release|Any CPU
		{F2C0449F-5BB6-4617-BF3D-1BC011C14F69}.Release|x64.ActiveCfg = Release|Any CPU
		{F2C0449F-5BB6-4617-BF3D-1BC011C14F69}.Release|x64.Build.0 = Release|Any CPU
		{F2C0449F-5BB6-4617-BF3D-1BC011C14F69}.Release|x86.ActiveCfg = Release|Any CPU
		{F2C0449F-5BB6-4617-BF3D-1BC011C14F69}.Release|x86.Build.0 = Release|Any CPU
		{D6FC7AB3-B0A6-4C42-B251-48C8C35B040A}.Debug|Any CPU.ActiveCfg = Debug|Any CPU
		{D6FC7AB3-B0A6-4C42-B251-48C8C35B040A}.Debug|Any CPU.Build.0 = Debug|Any CPU
		{D6FC7AB3-B0A6-4C42-B251-48C8C35B040A}.Debug|x64.ActiveCfg = Debug|Any CPU
		{D6FC7AB3-B0A6-4C42-B251-48C8C35B040A}.Debug|x64.Build.0 = Debug|Any CPU
		{D6FC7AB3-B0A6-4C42-B251-48C8C35B040A}.Debug|x86.ActiveCfg = Debug|Any CPU
		{D6FC7AB3-B0A6-4C42-B251-48C8C35B040A}.Debug|x86.Build.0 = Debug|Any CPU
		{D6FC7AB3-B0A6-4C42-B251-48C8C35B040A}.Release|Any CPU.ActiveCfg = Release|Any CPU
		{D6FC7AB3-B0A6-4C42-B251-48C8C35B040A}.Release|Any CPU.Build.0 = Release|Any CPU
		{D6FC7AB3-B0A6-4C42-B251-48C8C35B040A}.Release|x64.ActiveCfg = Release|Any CPU
		{D6FC7AB3-B0A6-4C42-B251-48C8C35B040A}.Release|x64.Build.0 = Release|Any CPU
		{D6FC7AB3-B0A6-4C42-B251-48C8C35B040A}.Release|x86.ActiveCfg = Release|Any CPU
		{D6FC7AB3-B0A6-4C42-B251-48C8C35B040A}.Release|x86.Build.0 = Release|Any CPU
		{A0A528C4-FCC1-464B-8597-954B4BB1972D}.Debug|Any CPU.ActiveCfg = Debug|Any CPU
		{A0A528C4-FCC1-464B-8597-954B4BB1972D}.Debug|Any CPU.Build.0 = Debug|Any CPU
		{A0A528C4-FCC1-464B-8597-954B4BB1972D}.Debug|x64.ActiveCfg = Debug|Any CPU
		{A0A528C4-FCC1-464B-8597-954B4BB1972D}.Debug|x64.Build.0 = Debug|Any CPU
		{A0A528C4-FCC1-464B-8597-954B4BB1972D}.Debug|x86.ActiveCfg = Debug|Any CPU
		{A0A528C4-FCC1-464B-8597-954B4BB1972D}.Debug|x86.Build.0 = Debug|Any CPU
		{A0A528C4-FCC1-464B-8597-954B4BB1972D}.Release|Any CPU.ActiveCfg = Release|Any CPU
		{A0A528C4-FCC1-464B-8597-954B4BB1972D}.Release|Any CPU.Build.0 = Release|Any CPU
		{A0A528C4-FCC1-464B-8597-954B4BB1972D}.Release|x64.ActiveCfg = Release|Any CPU
		{A0A528C4-FCC1-464B-8597-954B4BB1972D}.Release|x64.Build.0 = Release|Any CPU
		{A0A528C4-FCC1-464B-8597-954B4BB1972D}.Release|x86.ActiveCfg = Release|Any CPU
		{A0A528C4-FCC1-464B-8597-954B4BB1972D}.Release|x86.Build.0 = Release|Any CPU
		{F0407368-CFAA-497F-B710-33A579995602}.Debug|Any CPU.ActiveCfg = Debug|Any CPU
		{F0407368-CFAA-497F-B710-33A579995602}.Debug|Any CPU.Build.0 = Debug|Any CPU
		{F0407368-CFAA-497F-B710-33A579995602}.Debug|x64.ActiveCfg = Debug|Any CPU
		{F0407368-CFAA-497F-B710-33A579995602}.Debug|x64.Build.0 = Debug|Any CPU
		{F0407368-CFAA-497F-B710-33A579995602}.Debug|x86.ActiveCfg = Debug|Any CPU
		{F0407368-CFAA-497F-B710-33A579995602}.Debug|x86.Build.0 = Debug|Any CPU
		{F0407368-CFAA-497F-B710-33A579995602}.Release|Any CPU.ActiveCfg = Release|Any CPU
		{F0407368-CFAA-497F-B710-33A579995602}.Release|Any CPU.Build.0 = Release|Any CPU
		{F0407368-CFAA-497F-B710-33A579995602}.Release|x64.ActiveCfg = Release|Any CPU
		{F0407368-CFAA-497F-B710-33A579995602}.Release|x64.Build.0 = Release|Any CPU
		{F0407368-CFAA-497F-B710-33A579995602}.Release|x86.ActiveCfg = Release|Any CPU
		{F0407368-CFAA-497F-B710-33A579995602}.Release|x86.Build.0 = Release|Any CPU
		{313F2BFD-3633-488E-9D59-45EFD043D626}.Debug|Any CPU.ActiveCfg = Debug|Any CPU
		{313F2BFD-3633-488E-9D59-45EFD043D626}.Debug|Any CPU.Build.0 = Debug|Any CPU
		{313F2BFD-3633-488E-9D59-45EFD043D626}.Debug|x64.ActiveCfg = Debug|Any CPU
		{313F2BFD-3633-488E-9D59-45EFD043D626}.Debug|x64.Build.0 = Debug|Any CPU
		{313F2BFD-3633-488E-9D59-45EFD043D626}.Debug|x86.ActiveCfg = Debug|Any CPU
		{313F2BFD-3633-488E-9D59-45EFD043D626}.Debug|x86.Build.0 = Debug|Any CPU
		{313F2BFD-3633-488E-9D59-45EFD043D626}.Release|Any CPU.ActiveCfg = Release|Any CPU
		{313F2BFD-3633-488E-9D59-45EFD043D626}.Release|Any CPU.Build.0 = Release|Any CPU
		{313F2BFD-3633-488E-9D59-45EFD043D626}.Release|x64.ActiveCfg = Release|Any CPU
		{313F2BFD-3633-488E-9D59-45EFD043D626}.Release|x64.Build.0 = Release|Any CPU
		{313F2BFD-3633-488E-9D59-45EFD043D626}.Release|x86.ActiveCfg = Release|Any CPU
		{313F2BFD-3633-488E-9D59-45EFD043D626}.Release|x86.Build.0 = Release|Any CPU
		{E7294267-9BC9-47A1-ACE8-7FE3BE9E96A6}.Debug|Any CPU.ActiveCfg = Debug|Any CPU
		{E7294267-9BC9-47A1-ACE8-7FE3BE9E96A6}.Debug|Any CPU.Build.0 = Debug|Any CPU
		{E7294267-9BC9-47A1-ACE8-7FE3BE9E96A6}.Debug|x64.ActiveCfg = Debug|Any CPU
		{E7294267-9BC9-47A1-ACE8-7FE3BE9E96A6}.Debug|x64.Build.0 = Debug|Any CPU
		{E7294267-9BC9-47A1-ACE8-7FE3BE9E96A6}.Debug|x86.ActiveCfg = Debug|Any CPU
		{E7294267-9BC9-47A1-ACE8-7FE3BE9E96A6}.Debug|x86.Build.0 = Debug|Any CPU
		{E7294267-9BC9-47A1-ACE8-7FE3BE9E96A6}.Release|Any CPU.ActiveCfg = Release|Any CPU
		{E7294267-9BC9-47A1-ACE8-7FE3BE9E96A6}.Release|Any CPU.Build.0 = Release|Any CPU
		{E7294267-9BC9-47A1-ACE8-7FE3BE9E96A6}.Release|x64.ActiveCfg = Release|Any CPU
		{E7294267-9BC9-47A1-ACE8-7FE3BE9E96A6}.Release|x64.Build.0 = Release|Any CPU
		{E7294267-9BC9-47A1-ACE8-7FE3BE9E96A6}.Release|x86.ActiveCfg = Release|Any CPU
		{E7294267-9BC9-47A1-ACE8-7FE3BE9E96A6}.Release|x86.Build.0 = Release|Any CPU
		{D84BDE7D-81FD-4D85-BE1E-231AD715B1E6}.Debug|Any CPU.ActiveCfg = Debug|Any CPU
		{D84BDE7D-81FD-4D85-BE1E-231AD715B1E6}.Debug|Any CPU.Build.0 = Debug|Any CPU
		{D84BDE7D-81FD-4D85-BE1E-231AD715B1E6}.Debug|x64.ActiveCfg = Debug|Any CPU
		{D84BDE7D-81FD-4D85-BE1E-231AD715B1E6}.Debug|x64.Build.0 = Debug|Any CPU
		{D84BDE7D-81FD-4D85-BE1E-231AD715B1E6}.Debug|x86.ActiveCfg = Debug|Any CPU
		{D84BDE7D-81FD-4D85-BE1E-231AD715B1E6}.Debug|x86.Build.0 = Debug|Any CPU
		{D84BDE7D-81FD-4D85-BE1E-231AD715B1E6}.Release|Any CPU.ActiveCfg = Release|Any CPU
		{D84BDE7D-81FD-4D85-BE1E-231AD715B1E6}.Release|Any CPU.Build.0 = Release|Any CPU
		{D84BDE7D-81FD-4D85-BE1E-231AD715B1E6}.Release|x64.ActiveCfg = Release|Any CPU
		{D84BDE7D-81FD-4D85-BE1E-231AD715B1E6}.Release|x64.Build.0 = Release|Any CPU
		{D84BDE7D-81FD-4D85-BE1E-231AD715B1E6}.Release|x86.ActiveCfg = Release|Any CPU
		{D84BDE7D-81FD-4D85-BE1E-231AD715B1E6}.Release|x86.Build.0 = Release|Any CPU
		{62DC4B07-77DE-4B17-87D4-29B7AA9710E2}.Debug|Any CPU.ActiveCfg = Debug|Any CPU
		{62DC4B07-77DE-4B17-87D4-29B7AA9710E2}.Debug|Any CPU.Build.0 = Debug|Any CPU
		{62DC4B07-77DE-4B17-87D4-29B7AA9710E2}.Debug|x64.ActiveCfg = Debug|Any CPU
		{62DC4B07-77DE-4B17-87D4-29B7AA9710E2}.Debug|x64.Build.0 = Debug|Any CPU
		{62DC4B07-77DE-4B17-87D4-29B7AA9710E2}.Debug|x86.ActiveCfg = Debug|Any CPU
		{62DC4B07-77DE-4B17-87D4-29B7AA9710E2}.Debug|x86.Build.0 = Debug|Any CPU
		{62DC4B07-77DE-4B17-87D4-29B7AA9710E2}.Release|Any CPU.ActiveCfg = Release|Any CPU
		{62DC4B07-77DE-4B17-87D4-29B7AA9710E2}.Release|Any CPU.Build.0 = Release|Any CPU
		{62DC4B07-77DE-4B17-87D4-29B7AA9710E2}.Release|x64.ActiveCfg = Release|Any CPU
		{62DC4B07-77DE-4B17-87D4-29B7AA9710E2}.Release|x64.Build.0 = Release|Any CPU
		{62DC4B07-77DE-4B17-87D4-29B7AA9710E2}.Release|x86.ActiveCfg = Release|Any CPU
		{62DC4B07-77DE-4B17-87D4-29B7AA9710E2}.Release|x86.Build.0 = Release|Any CPU
	EndGlobalSection
	GlobalSection(SolutionProperties) = preSolution
		HideSolutionNode = FALSE
	EndGlobalSection
	GlobalSection(NestedProjects) = preSolution
		{F2C0449F-5BB6-4617-BF3D-1BC011C14F69} = {827E0CD3-B72D-47B6-A68D-7590B98EB39B}
		{D6FC7AB3-B0A6-4C42-B251-48C8C35B040A} = {827E0CD3-B72D-47B6-A68D-7590B98EB39B}
		{A0A528C4-FCC1-464B-8597-954B4BB1972D} = {827E0CD3-B72D-47B6-A68D-7590B98EB39B}
		{F0407368-CFAA-497F-B710-33A579995602} = {827E0CD3-B72D-47B6-A68D-7590B98EB39B}
		{313F2BFD-3633-488E-9D59-45EFD043D626} = {827E0CD3-B72D-47B6-A68D-7590B98EB39B}
		{E7294267-9BC9-47A1-ACE8-7FE3BE9E96A6} = {0AB3BF05-4346-4AA6-1389-037BE0695223}
		{D84BDE7D-81FD-4D85-BE1E-231AD715B1E6} = {0AB3BF05-4346-4AA6-1389-037BE0695223}
		{62DC4B07-77DE-4B17-87D4-29B7AA9710E2} = {0AB3BF05-4346-4AA6-1389-037BE0695223}
	EndGlobalSection
EndGlobal
